// !$*UTF8*$!
{
	archiveVersion = 1;
	classes = {
	};
	objectVersion = 56;
	objects = {

/* Begin PBXBuildFile section */
		8B0EA076298B376800242B23 /* apiTestApp.swift in Sources */ = {isa = PBXBuildFile; fileRef = 8B0EA075298B376800242B23 /* apiTestApp.swift */; };
		8B0EA078298B376800242B23 /* Persistence.swift in Sources */ = {isa = PBXBuildFile; fileRef = 8B0EA077298B376800242B23 /* Persistence.swift */; };
		8B0EA07B298B376800242B23 /* apiTest.xcdatamodeld in Sources */ = {isa = PBXBuildFile; fileRef = 8B0EA079298B376800242B23 /* apiTest.xcdatamodeld */; };
		8B0EA07F298B376900242B23 /* Assets.xcassets in Resources */ = {isa = PBXBuildFile; fileRef = 8B0EA07E298B376900242B23 /* Assets.xcassets */; };
		8B0EA083298B376900242B23 /* Preview Assets.xcassets in Resources */ = {isa = PBXBuildFile; fileRef = 8B0EA082298B376900242B23 /* Preview Assets.xcassets */; };
		8B0EA08E298B3AC300242B23 /* MainUiView.swift in Sources */ = {isa = PBXBuildFile; fileRef = 8B0EA08D298B3AC300242B23 /* MainUiView.swift */; };
		8B0EA092298B3B9A00242B23 /* CourseViewModel.swift in Sources */ = {isa = PBXBuildFile; fileRef = 8B0EA091298B3B9A00242B23 /* CourseViewModel.swift */; };
		8B0EA094298B3DAB00242B23 /* Course.swift in Sources */ = {isa = PBXBuildFile; fileRef = 8B0EA093298B3DAB00242B23 /* Course.swift */; };
		8B0EA097298B51DA00242B23 /* fetchImage.swift in Sources */ = {isa = PBXBuildFile; fileRef = 8B0EA096298B51DA00242B23 /* fetchImage.swift */; };
/* End PBXBuildFile section */

/* Begin PBXFileReference section */
		8B0EA072298B376800242B23 /* apiTest.app */ = {isa = PBXFileReference; explicitFileType = wrapper.application; includeInIndex = 0; path = apiTest.app; sourceTree = BUILT_PRODUCTS_DIR; };
		8B0EA075298B376800242B23 /* apiTestApp.swift */ = {isa = PBXFileReference; lastKnownFileType = sourcecode.swift; path = apiTestApp.swift; sourceTree = "<group>"; };
		8B0EA077298B376800242B23 /* Persistence.swift */ = {isa = PBXFileReference; lastKnownFileType = sourcecode.swift; path = Persistence.swift; sourceTree = "<group>"; };
		8B0EA07A298B376800242B23 /* apiTest.xcdatamodel */ = {isa = PBXFileReference; lastKnownFileType = wrapper.xcdatamodel; path = apiTest.xcdatamodel; sourceTree = "<group>"; };
		8B0EA07E298B376900242B23 /* Assets.xcassets */ = {isa = PBXFileReference; lastKnownFileType = folder.assetcatalog; path = Assets.xcassets; sourceTree = "<group>"; };
		8B0EA080298B376900242B23 /* apiTest.entitlements */ = {isa = PBXFileReference; lastKnownFileType = text.plist.entitlements; path = apiTest.entitlements; sourceTree = "<group>"; };
		8B0EA082298B376900242B23 /* Preview Assets.xcassets */ = {isa = PBXFileReference; lastKnownFileType = folder.assetcatalog; path = "Preview Assets.xcassets"; sourceTree = "<group>"; };
		8B0EA08D298B3AC300242B23 /* MainUiView.swift */ = {isa = PBXFileReference; lastKnownFileType = sourcecode.swift; path = MainUiView.swift; sourceTree = "<group>"; };
		8B0EA091298B3B9A00242B23 /* CourseViewModel.swift */ = {isa = PBXFileReference; lastKnownFileType = sourcecode.swift; path = CourseViewModel.swift; sourceTree = "<group>"; };
		8B0EA093298B3DAB00242B23 /* Course.swift */ = {isa = PBXFileReference; lastKnownFileType = sourcecode.swift; path = Course.swift; sourceTree = "<group>"; };
		8B0EA096298B51DA00242B23 /* fetchImage.swift */ = {isa = PBXFileReference; lastKnownFileType = sourcecode.swift; path = fetchImage.swift; sourceTree = "<group>"; };
/* End PBXFileReference section */

/* Begin PBXFrameworksBuildPhase section */
		8B0EA06F298B376800242B23 /* Frameworks */ = {
			isa = PBXFrameworksBuildPhase;
			buildActionMask = 2147483647;
			files = (
			);
			runOnlyForDeploymentPostprocessing = 0;
		};
/* End PBXFrameworksBuildPhase section */

/* Begin PBXGroup section */
		8B0EA069298B376800242B23 = {
			isa = PBXGroup;
			children = (
				8B0EA074298B376800242B23 /* apiTest */,
				8B0EA073298B376800242B23 /* Products */,
			);
			sourceTree = "<group>";
		};
		8B0EA073298B376800242B23 /* Products */ = {
			isa = PBXGroup;
			children = (
				8B0EA072298B376800242B23 /* apiTest.app */,
			);
			name = Products;
			sourceTree = "<group>";
		};
		8B0EA074298B376800242B23 /* apiTest */ = {
			isa = PBXGroup;
			children = (
				8B0EA095298B506D00242B23 /* Util */,
				8B0EA08C298B382200242B23 /* View */,
				8B0EA08B298B380800242B23 /* VIewModel */,
				8B0EA08A298B380000242B23 /* Model */,
				8B0EA089298B37A600242B23 /* CoreData */,
				8B0EA075298B376800242B23 /* apiTestApp.swift */,
				8B0EA07E298B376900242B23 /* Assets.xcassets */,
				8B0EA080298B376900242B23 /* apiTest.entitlements */,
				8B0EA081298B376900242B23 /* Preview Content */,
			);
			path = apiTest;
			sourceTree = "<group>";
		};
		8B0EA081298B376900242B23 /* Preview Content */ = {
			isa = PBXGroup;
			children = (
				8B0EA082298B376900242B23 /* Preview Assets.xcassets */,
			);
			path = "Preview Content";
			sourceTree = "<group>";
		};
		8B0EA089298B37A600242B23 /* CoreData */ = {
			isa = PBXGroup;
			children = (
				8B0EA077298B376800242B23 /* Persistence.swift */,
				8B0EA079298B376800242B23 /* apiTest.xcdatamodeld */,
			);
			path = CoreData;
			sourceTree = "<group>";
		};
		8B0EA08A298B380000242B23 /* Model */ = {
			isa = PBXGroup;
			children = (
				8B0EA093298B3DAB00242B23 /* Course.swift */,
			);
			path = Model;
			sourceTree = "<group>";
		};
		8B0EA08B298B380800242B23 /* VIewModel */ = {
			isa = PBXGroup;
			children = (
				8B0EA091298B3B9A00242B23 /* CourseViewModel.swift */,
			);
			path = VIewModel;
			sourceTree = "<group>";
		};
		8B0EA08C298B382200242B23 /* View */ = {
			isa = PBXGroup;
			children = (
				8B0EA08D298B3AC300242B23 /* MainUiView.swift */,
			);
			path = View;
			sourceTree = "<group>";
		};
		8B0EA095298B506D00242B23 /* Util */ = {
			isa = PBXGroup;
			children = (
				8B0EA096298B51DA00242B23 /* fetchImage.swift */,
			);
			path = Util;
			sourceTree = "<group>";
		};
/* End PBXGroup section */

/* Begin PBXNativeTarget section */
		8B0EA071298B376800242B23 /* apiTest */ = {
			isa = PBXNativeTarget;
			buildConfigurationList = 8B0EA086298B376900242B23 /* Build configuration list for PBXNativeTarget "apiTest" */;
			buildPhases = (
				8B0EA06E298B376800242B23 /* Sources */,
				8B0EA06F298B376800242B23 /* Frameworks */,
				8B0EA070298B376800242B23 /* Resources */,
			);
			buildRules = (
			);
			dependencies = (
			);
			name = apiTest;
			productName = apiTest;
			productReference = 8B0EA072298B376800242B23 /* apiTest.app */;
			productType = "com.apple.product-type.application";
		};
/* End PBXNativeTarget section */

/* Begin PBXProject section */
		8B0EA06A298B376800242B23 /* Project object */ = {
			isa = PBXProject;
			attributes = {
				BuildIndependentTargetsInParallel = 1;
				LastSwiftUpdateCheck = 1420;
				LastUpgradeCheck = 1420;
				TargetAttributes = {
					8B0EA071298B376800242B23 = {
						CreatedOnToolsVersion = 14.2;
					};
				};
			};
			buildConfigurationList = 8B0EA06D298B376800242B23 /* Build configuration list for PBXProject "apiTest" */;
			compatibilityVersion = "Xcode 14.0";
			developmentRegion = en;
			hasScannedForEncodings = 0;
			knownRegions = (
				en,
				Base,
			);
			mainGroup = 8B0EA069298B376800242B23;
			productRefGroup = 8B0EA073298B376800242B23 /* Products */;
			projectDirPath = "";
			projectRoot = "";
			targets = (
				8B0EA071298B376800242B23 /* apiTest */,
			);
		};
/* End PBXProject section */

/* Begin PBXResourcesBuildPhase section */
		8B0EA070298B376800242B23 /* Resources */ = {
			isa = PBXResourcesBuildPhase;
			buildActionMask = 2147483647;
			files = (
				8B0EA083298B376900242B23 /* Preview Assets.xcassets in Resources */,
				8B0EA07F298B376900242B23 /* Assets.xcassets in Resources */,
			);
			runOnlyForDeploymentPostprocessing = 0;
		};
/* End PBXResourcesBuildPhase section */

/* Begin PBXSourcesBuildPhase section */
		8B0EA06E298B376800242B23 /* Sources */ = {
			isa = PBXSourcesBuildPhase;
			buildActionMask = 2147483647;
			files = (
				8B0EA094298B3DAB00242B23 /* Course.swift in Sources */,
				8B0EA07B298B376800242B23 /* apiTest.xcdatamodeld in Sources */,
				8B0EA076298B376800242B23 /* apiTestApp.swift in Sources */,
				8B0EA092298B3B9A00242B23 /* CourseViewModel.swift in Sources */,
				8B0EA097298B51DA00242B23 /* fetchImage.swift in Sources */,
				8B0EA08E298B3AC300242B23 /* MainUiView.swift in Sources */,
				8B0EA078298B376800242B23 /* Persistence.swift in Sources */,
			);
			runOnlyForDeploymentPostprocessing = 0;
		};
/* End PBXSourcesBuildPhase section */

/* Begin XCBuildConfiguration section */
		8B0EA084298B376900242B23 /* Debug */ = {
			isa = XCBuildConfiguration;
			buildSettings = {
				ALWAYS_SEARCH_USER_PATHS = NO;
				CLANG_ANALYZER_NONNULL = YES;
				CLANG_ANALYZER_NUMBER_OBJECT_CONVERSION = YES_AGGRESSIVE;
				CLANG_CXX_LANGUAGE_STANDARD = "gnu++20";
				CLANG_ENABLE_MODULES = YES;
				CLANG_ENABLE_OBJC_ARC = YES;
				CLANG_ENABLE_OBJC_WEAK = YES;
				CLANG_WARN_BLOCK_CAPTURE_AUTORELEASING = YES;
				CLANG_WARN_BOOL_CONVERSION = YES;
				CLANG_WARN_COMMA = YES;
				CLANG_WARN_CONSTANT_CONVERSION = YES;
				CLANG_WARN_DEPRECATED_OBJC_IMPLEMENTATIONS = YES;
				CLANG_WARN_DIRECT_OBJC_ISA_USAGE = YES_ERROR;
				CLANG_WARN_DOCUMENTATION_COMMENTS = YES;
				CLANG_WARN_EMPTY_BODY = YES;
				CLANG_WARN_ENUM_CONVERSION = YES;
				CLANG_WARN_INFINITE_RECURSION = YES;
				CLANG_WARN_INT_CONVERSION = YES;
				CLANG_WARN_NON_LITERAL_NULL_CONVERSION = YES;
				CLANG_WARN_OBJC_IMPLICIT_RETAIN_SELF = YES;
				CLANG_WARN_OBJC_LITERAL_CONVERSION = YES;
				CLANG_WARN_OBJC_ROOT_CLASS = YES_ERROR;
				CLANG_WARN_QUOTED_INCLUDE_IN_FRAMEWORK_HEADER = YES;
				CLANG_WARN_RANGE_LOOP_ANALYSIS = YES;
				CLANG_WARN_STRICT_PROTOTYPES = YES;
				CLANG_WARN_SUSPICIOUS_MOVE = YES;
				CLANG_WARN_UNGUARDED_AVAILABILITY = YES_AGGRESSIVE;
				CLANG_WARN_UNREACHABLE_CODE = YES;
				CLANG_WARN__DUPLICATE_METHOD_MATCH = YES;
				COPY_PHASE_STRIP = NO;
				DEBUG_INFORMATION_FORMAT = dwarf;
				ENABLE_STRICT_OBJC_MSGSEND = YES;
				ENABLE_TESTABILITY = YES;
				GCC_C_LANGUAGE_STANDARD = gnu11;
				GCC_DYNAMIC_NO_PIC = NO;
				GCC_NO_COMMON_BLOCKS = YES;
				GCC_OPTIMIZATION_LEVEL = 0;
				GCC_PREPROCESSOR_DEFINITIONS = (
					"DEBUG=1",
					"$(inherited)",
				);
				GCC_WARN_64_TO_32_BIT_CONVERSION = YES;
				GCC_WARN_ABOUT_RETURN_TYPE = YES_ERROR;
				GCC_WARN_UNDECLARED_SELECTOR = YES;
				GCC_WARN_UNINITIALIZED_AUTOS = YES_AGGRESSIVE;
				GCC_WARN_UNUSED_FUNCTION = YES;
				GCC_WARN_UNUSED_VARIABLE = YES;
				MTL_ENABLE_DEBUG_INFO = INCLUDE_SOURCE;
				MTL_FAST_MATH = YES;
				ONLY_ACTIVE_ARCH = YES;
				SWIFT_ACTIVE_COMPILATION_CONDITIONS = DEBUG;
				SWIFT_OPTIMIZATION_LEVEL = "-Onone";
			};
			name = Debug;
		};
		8B0EA085298B376900242B23 /* Release */ = {
			isa = XCBuildConfiguration;
			buildSettings = {
				ALWAYS_SEARCH_USER_PATHS = NO;
				CLANG_ANALYZER_NONNULL = YES;
				CLANG_ANALYZER_NUMBER_OBJECT_CONVERSION = YES_AGGRESSIVE;
				CLANG_CXX_LANGUAGE_STANDARD = "gnu++20";
				CLANG_ENABLE_MODULES = YES;
				CLANG_ENABLE_OBJC_ARC = YES;
				CLANG_ENABLE_OBJC_WEAK = YES;
				CLANG_WARN_BLOCK_CAPTURE_AUTORELEASING = YES;
				CLANG_WARN_BOOL_CONVERSION = YES;
				CLANG_WARN_COMMA = YES;
				CLANG_WARN_CONSTANT_CONVERSION = YES;
				CLANG_WARN_DEPRECATED_OBJC_IMPLEMENTATIONS = YES;
				CLANG_WARN_DIRECT_OBJC_ISA_USAGE = YES_ERROR;
				CLANG_WARN_DOCUMENTATION_COMMENTS = YES;
				CLANG_WARN_EMPTY_BODY = YES;
				CLANG_WARN_ENUM_CONVERSION = YES;
				CLANG_WARN_INFINITE_RECURSION = YES;
				CLANG_WARN_INT_CONVERSION = YES;
				CLANG_WARN_NON_LITERAL_NULL_CONVERSION = YES;
				CLANG_WARN_OBJC_IMPLICIT_RETAIN_SELF = YES;
				CLANG_WARN_OBJC_LITERAL_CONVERSION = YES;
				CLANG_WARN_OBJC_ROOT_CLASS = YES_ERROR;
				CLANG_WARN_QUOTED_INCLUDE_IN_FRAMEWORK_HEADER = YES;
				CLANG_WARN_RANGE_LOOP_ANALYSIS = YES;
				CLANG_WARN_STRICT_PROTOTYPES = YES;
				CLANG_WARN_SUSPICIOUS_MOVE = YES;
				CLANG_WARN_UNGUARDED_AVAILABILITY = YES_AGGRESSIVE;
				CLANG_WARN_UNREACHABLE_CODE = YES;
				CLANG_WARN__DUPLICATE_METHOD_MATCH = YES;
				COPY_PHASE_STRIP = NO;
				DEBUG_INFORMATION_FORMAT = "dwarf-with-dsym";
				ENABLE_NS_ASSERTIONS = NO;
				ENABLE_STRICT_OBJC_MSGSEND = YES;
				GCC_C_LANGUAGE_STANDARD = gnu11;
				GCC_NO_COMMON_BLOCKS = YES;
				GCC_WARN_64_TO_32_BIT_CONVERSION = YES;
				GCC_WARN_ABOUT_RETURN_TYPE = YES_ERROR;
				GCC_WARN_UNDECLARED_SELECTOR = YES;
				GCC_WARN_UNINITIALIZED_AUTOS = YES_AGGRESSIVE;
				GCC_WARN_UNUSED_FUNCTION = YES;
				GCC_WARN_UNUSED_VARIABLE = YES;
				MTL_ENABLE_DEBUG_INFO = NO;
				MTL_FAST_MATH = YES;
				SWIFT_COMPILATION_MODE = wholemodule;
				SWIFT_OPTIMIZATION_LEVEL = "-O";
			};
			name = Release;
		};
		8B0EA087298B376900242B23 /* Debug */ = {
			isa = XCBuildConfiguration;
			buildSettings = {
				ASSETCATALOG_COMPILER_APPICON_NAME = AppIcon;
				ASSETCATALOG_COMPILER_GLOBAL_ACCENT_COLOR_NAME = AccentColor;
				CODE_SIGN_ENTITLEMENTS = apiTest/apiTest.entitlements;
				CODE_SIGN_STYLE = Automatic;
				CURRENT_PROJECT_VERSION = 1;
				DEVELOPMENT_ASSET_PATHS = "\"apiTest/Preview Content\"";
				DEVELOPMENT_TEAM = XJARCSL3QV;
				ENABLE_HARDENED_RUNTIME = YES;
				ENABLE_PREVIEWS = YES;
				GENERATE_INFOPLIST_FILE = YES;
				"INFOPLIST_KEY_UIApplicationSceneManifest_Generation[sdk=iphoneos*]" = YES;
				"INFOPLIST_KEY_UIApplicationSceneManifest_Generation[sdk=iphonesimulator*]" = YES;
				"INFOPLIST_KEY_UIApplicationSupportsIndirectInputEvents[sdk=iphoneos*]" = YES;
				"INFOPLIST_KEY_UIApplicationSupportsIndirectInputEvents[sdk=iphonesimulator*]" = YES;
				"INFOPLIST_KEY_UILaunchScreen_Generation[sdk=iphoneos*]" = YES;
				"INFOPLIST_KEY_UILaunchScreen_Generation[sdk=iphonesimulator*]" = YES;
				"INFOPLIST_KEY_UIStatusBarStyle[sdk=iphoneos*]" = UIStatusBarStyleDefault;
				"INFOPLIST_KEY_UIStatusBarStyle[sdk=iphonesimulator*]" = UIStatusBarStyleDefault;
				INFOPLIST_KEY_UISupportedInterfaceOrientations_iPad = "UIInterfaceOrientationPortrait UIInterfaceOrientationPortraitUpsideDown UIInterfaceOrientationLandscapeLeft UIInterfaceOrientationLandscapeRight";
				INFOPLIST_KEY_UISupportedInterfaceOrientations_iPhone = "UIInterfaceOrientationPortrait UIInterfaceOrientationLandscapeLeft UIInterfaceOrientationLandscapeRight";
				IPHONEOS_DEPLOYMENT_TARGET = 16.2;
				LD_RUNPATH_SEARCH_PATHS = "@executable_path/Frameworks";
				"LD_RUNPATH_SEARCH_PATHS[sdk=macosx*]" = "@executable_path/../Frameworks";
				MACOSX_DEPLOYMENT_TARGET = 13.1;
				MARKETING_VERSION = 1.0;
				PRODUCT_BUNDLE_IDENTIFIER = com.hohocomany.apiTest;
				PRODUCT_NAME = "$(TARGET_NAME)";
				SDKROOT = auto;
				SUPPORTED_PLATFORMS = "iphoneos iphonesimulator macosx";
				SWIFT_EMIT_LOC_STRINGS = YES;
				SWIFT_VERSION = 5.0;
				TARGETED_DEVICE_FAMILY = "1,2";
			};
			name = Debug;
		};
		8B0EA088298B376900242B23 /* Release */ = {
			isa = XCBuildConfiguration;
			buildSettings = {
				ASSETCATALOG_COMPILER_APPICON_NAME = AppIcon;
				ASSETCATALOG_COMPILER_GLOBAL_ACCENT_COLOR_NAME = AccentColor;
				CODE_SIGN_ENTITLEMENTS = apiTest/apiTest.entitlements;
				CODE_SIGN_STYLE = Automatic;
				CURRENT_PROJECT_VERSION = 1;
				DEVELOPMENT_ASSET_PATHS = "\"apiTest/Preview Content\"";
				DEVELOPMENT_TEAM = XJARCSL3QV;
				ENABLE_HARDENED_RUNTIME = YES;
				ENABLE_PREVIEWS = YES;
				GENERATE_INFOPLIST_FILE = YES;
				"INFOPLIST_KEY_UIApplicationSceneManifest_Generation[sdk=iphoneos*]" = YES;
				"INFOPLIST_KEY_UIApplicationSceneManifest_Generation[sdk=iphonesimulator*]" = YES;
				"INFOPLIST_KEY_UIApplicationSupportsIndirectInputEvents[sdk=iphoneos*]" = YES;
				"INFOPLIST_KEY_UIApplicationSupportsIndirectInputEvents[sdk=iphonesimulator*]" = YES;
				"INFOPLIST_KEY_UILaunchScreen_Generation[sdk=iphoneos*]" = YES;
				"INFOPLIST_KEY_UILaunchScreen_Generation[sdk=iphonesimulator*]" = YES;
				"INFOPLIST_KEY_UIStatusBarStyle[sdk=iphoneos*]" = UIStatusBarStyleDefault;
				"INFOPLIST_KEY_UIStatusBarStyle[sdk=iphonesimulator*]" = UIStatusBarStyleDefault;
				INFOPLIST_KEY_UISupportedInterfaceOrientations_iPad = "UIInterfaceOrientationPortrait UIInterfaceOrientationPortraitUpsideDown UIInterfaceOrientationLandscapeLeft UIInterfaceOrientationLandscapeRight";
				INFOPLIST_KEY_UISupportedInterfaceOrientations_iPhone = "UIInterfaceOrientationPortrait UIInterfaceOrientationLandscapeLeft UIInterfaceOrientationLandscapeRight";
				IPHONEOS_DEPLOYMENT_TARGET = 16.2;
				LD_RUNPATH_SEARCH_PATHS = "@executable_path/Frameworks";
				"LD_RUNPATH_SEARCH_PATHS[sdk=macosx*]" = "@executable_path/../Frameworks";
				MACOSX_DEPLOYMENT_TARGET = 13.1;
				MARKETING_VERSION = 1.0;
				PRODUCT_BUNDLE_IDENTIFIER = com.hohocomany.apiTest;
				PRODUCT_NAME = "$(TARGET_NAME)";
				SDKROOT = auto;
				SUPPORTED_PLATFORMS = "iphoneos iphonesimulator macosx";
				SWIFT_EMIT_LOC_STRINGS = YES;
				SWIFT_VERSION = 5.0;
				TARGETED_DEVICE_FAMILY = "1,2";
			};
			name = Release;
		};
/* End XCBuildConfiguration section */

/* Begin XCConfigurationList section */
		8B0EA06D298B376800242B23 /* Build configuration list for PBXProject "apiTest" */ = {
			isa = XCConfigurationList;
			buildConfigurations = (
				8B0EA084298B376900242B23 /* Debug */,
				8B0EA085298B376900242B23 /* Release */,
			);
			defaultConfigurationIsVisible = 0;
			defaultConfigurationName = Release;
		};
		8B0EA086298B376900242B23 /* Build configuration list for PBXNativeTarget "apiTest" */ = {
			isa = XCConfigurationList;
			buildConfigurations = (
				8B0EA087298B376900242B23 /* Debug */,
				8B0EA088298B376900242B23 /* Release */,
			);
			defaultConfigurationIsVisible = 0;
			defaultConfigurationName = Release;
		};
/* End XCConfigurationList section */

/* Begin XCVersionGroup section */
		8B0EA079298B376800242B23 /* apiTest.xcdatamodeld */ = {
			isa = XCVersionGroup;
			children = (
				8B0EA07A298B376800242B23 /* apiTest.xcdatamodel */,
			);
			currentVersion = 8B0EA07A298B376800242B23 /* apiTest.xcdatamodel */;
			path = apiTest.xcdatamodeld;
			sourceTree = "<group>";
			versionGroupType = wrapper.xcdatamodel;
		};
/* End XCVersionGroup section */
	};
	rootObject = 8B0EA06A298B376800242B23 /* Project object */;
}
